
Microsoft Visual Studio Solution File, Format Version 12.00
# Visual Studio Version 17
VisualStudioVersion = 17.11.35312.102
MinimumVisualStudioVersion = 10.0.40219.1
Project("{FAE04EC0-301F-11D3-BF4B-00C04F79EFBC}") = "ProyectoCalculadora", "ProyectoCalculadora\ProyectoCalculadora.csproj", "{9DEFBA09-B471-4F54-9408-62FD9D3D2E5F}"
EndProject
Global
	GlobalSection(SolutionConfigurationPlatforms) = preSolution
		Debug|Any CPU = Debug|Any CPU
		Release|Any CPU = Release|Any CPU
	EndGlobalSection
	GlobalSection(ProjectConfigurationPlatforms) = postSolution
		{9DEFBA09-B471-4F54-9408-62FD9D3D2E5F}.Debug|Any CPU.ActiveCfg = Debug|Any CPU
		{9DEFBA09-B471-4F54-9408-62FD9D3D2E5F}.Debug|Any CPU.Build.0 = Debug|Any CPU
		{9DEFBA09-B471-4F54-9408-62FD9D3D2E5F}.Release|Any CPU.ActiveCfg = Release|Any CPU
		{9DEFBA09-B471-4F54-9408-62FD9D3D2E5F}.Release|Any CPU.Build.0 = Release|Any CPU
	EndGlobalSection
	GlobalSection(SolutionProperties) = preSolution
		HideSolutionNode = FALSE
	EndGlobalSection
	GlobalSection(ExtensibilityGlobals) = postSolution
		SolutionGuid = {D2301901-1867-4BA6-B7C8-10248E5F98FC}
	EndGlobalSection
EndGlobal
